
Microsoft Visual Studio Solution File, Format Version 12.00
# Visual Studio 15
VisualStudioVersion = 15.0.27130.2026
MinimumVisualStudioVersion = 10.0.40219.1
Project("{FAE04EC0-301F-11D3-BF4B-00C04F79EFBC}") = "CS20180601A", "CS20180601A\CS20180601A.csproj", "{076B34BF-9C3E-439E-B05A-FC785DF2623E}"
EndProject
Global
	GlobalSection(SolutionConfigurationPlatforms) = preSolution
		Debug|Any CPU = Debug|Any CPU
		Release|Any CPU = Release|Any CPU
	EndGlobalSection
	GlobalSection(ProjectConfigurationPlatforms) = postSolution
		{076B34BF-9C3E-439E-B05A-FC785DF2623E}.Debug|Any CPU.ActiveCfg = Debug|Any CPU
		{076B34BF-9C3E-439E-B05A-FC785DF2623E}.Debug|Any CPU.Build.0 = Debug|Any CPU
		{076B34BF-9C3E-439E-B05A-FC785DF2623E}.Release|Any CPU.ActiveCfg = Release|Any CPU
		{076B34BF-9C3E-439E-B05A-FC785DF2623E}.Release|Any CPU.Build.0 = Release|Any CPU
	EndGlobalSection
	GlobalSection(SolutionProperties) = preSolution
		HideSolutionNode = FALSE
	EndGlobalSection
	GlobalSection(ExtensibilityGlobals) = postSolution
		SolutionGuid = {4D8E78A6-8E40-4E30-8B02-5028D6DAEFBC}
	EndGlobalSection
EndGlobal
